
Microsoft Visual Studio Solution File, Format Version 12.00
# Visual Studio Version 17
VisualStudioVersion = 17.10.35027.167
MinimumVisualStudioVersion = 10.0.40219.1
Project("{2150E333-8FDC-42A3-9474-1A3956D46DE8}") = "Core", "Core", "{A9CC00FF-5B77-43B0-9BB2-38D62D5AA8D7}"
EndProject
Project("{2150E333-8FDC-42A3-9474-1A3956D46DE8}") = "Infrastructure", "Infrastructure", "{EEFF43F3-AA4B-4CFB-B50C-FF45581F29AD}"
EndProject
Project("{2150E333-8FDC-42A3-9474-1A3956D46DE8}") = "Tests", "Tests", "{4A2BDE14-91A8-4D27-B128-753E86170BCD}"
EndProject
Project("{2150E333-8FDC-42A3-9474-1A3956D46DE8}") = "Presentation", "Presentation", "{8B2F5186-BAB3-4A65-A406-11E16369E5E1}"
EndProject
Project("{FAE04EC0-301F-11D3-BF4B-00C04F79EFBC}") = "Notes.Domain", "Notes.Domain\Notes.Domain.csproj", "{B9642B17-CDDE-4F66-B4DF-35F369B0E620}"
EndProject
Project("{FAE04EC0-301F-11D3-BF4B-00C04F79EFBC}") = "Notes.Application", "Notes.Application\Notes.Application.csproj", "{C529CB45-14F6-4CFE-A184-B29A13D29C4A}"
EndProject
Project("{FAE04EC0-301F-11D3-BF4B-00C04F79EFBC}") = "Notes.Persistence", "Notes.Persistence\Notes.Persistence.csproj", "{20BED511-F2D3-4F14-9A0D-52B0E3694795}"
EndProject
Project("{FAE04EC0-301F-11D3-BF4B-00C04F79EFBC}") = "Notes.WebApi", "Notes.WebApi\Notes.WebApi.csproj", "{AB1C8DB8-158F-4897-B23B-118823F1761C}"
EndProject
Global
	GlobalSection(SolutionConfigurationPlatforms) = preSolution
		Debug|Any CPU = Debug|Any CPU
		Release|Any CPU = Release|Any CPU
	EndGlobalSection
	GlobalSection(ProjectConfigurationPlatforms) = postSolution
		{B9642B17-CDDE-4F66-B4DF-35F369B0E620}.Debug|Any CPU.ActiveCfg = Debug|Any CPU
		{B9642B17-CDDE-4F66-B4DF-35F369B0E620}.Debug|Any CPU.Build.0 = Debug|Any CPU
		{B9642B17-CDDE-4F66-B4DF-35F369B0E620}.Release|Any CPU.ActiveCfg = Release|Any CPU
		{B9642B17-CDDE-4F66-B4DF-35F369B0E620}.Release|Any CPU.Build.0 = Release|Any CPU
		{C529CB45-14F6-4CFE-A184-B29A13D29C4A}.Debug|Any CPU.ActiveCfg = Debug|Any CPU
		{C529CB45-14F6-4CFE-A184-B29A13D29C4A}.Debug|Any CPU.Build.0 = Debug|Any CPU
		{C529CB45-14F6-4CFE-A184-B29A13D29C4A}.Release|Any CPU.ActiveCfg = Release|Any CPU
		{C529CB45-14F6-4CFE-A184-B29A13D29C4A}.Release|Any CPU.Build.0 = Release|Any CPU
		{20BED511-F2D3-4F14-9A0D-52B0E3694795}.Debug|Any CPU.ActiveCfg = Debug|Any CPU
		{20BED511-F2D3-4F14-9A0D-52B0E3694795}.Debug|Any CPU.Build.0 = Debug|Any CPU
		{20BED511-F2D3-4F14-9A0D-52B0E3694795}.Release|Any CPU.ActiveCfg = Release|Any CPU
		{20BED511-F2D3-4F14-9A0D-52B0E3694795}.Release|Any CPU.Build.0 = Release|Any CPU
		{AB1C8DB8-158F-4897-B23B-118823F1761C}.Debug|Any CPU.ActiveCfg = Debug|Any CPU
		{AB1C8DB8-158F-4897-B23B-118823F1761C}.Debug|Any CPU.Build.0 = Debug|Any CPU
		{AB1C8DB8-158F-4897-B23B-118823F1761C}.Release|Any CPU.ActiveCfg = Release|Any CPU
		{AB1C8DB8-158F-4897-B23B-118823F1761C}.Release|Any CPU.Build.0 = Release|Any CPU
	EndGlobalSection
	GlobalSection(SolutionProperties) = preSolution
		HideSolutionNode = FALSE
	EndGlobalSection
	GlobalSection(NestedProjects) = preSolution
		{B9642B17-CDDE-4F66-B4DF-35F369B0E620} = {A9CC00FF-5B77-43B0-9BB2-38D62D5AA8D7}
		{C529CB45-14F6-4CFE-A184-B29A13D29C4A} = {A9CC00FF-5B77-43B0-9BB2-38D62D5AA8D7}
		{20BED511-F2D3-4F14-9A0D-52B0E3694795} = {EEFF43F3-AA4B-4CFB-B50C-FF45581F29AD}
		{AB1C8DB8-158F-4897-B23B-118823F1761C} = {8B2F5186-BAB3-4A65-A406-11E16369E5E1}
	EndGlobalSection
	GlobalSection(ExtensibilityGlobals) = postSolution
		SolutionGuid = {51B05887-FFAB-4EE5-A82A-D0CEC462F189}
	EndGlobalSection
EndGlobal
